
Microsoft Visual Studio Solution File, Format Version 12.00
# Visual Studio Version 17
VisualStudioVersion = 17.6.33815.320
MinimumVisualStudioVersion = 10.0.40219.1
Project("{FAE04EC0-301F-11D3-BF4B-00C04F79EFBC}") = "Auction", "Auction.csproj", "{ABC103AB-C330-4B45-83B8-1309BC9D5293}"
EndProject
Global
	GlobalSection(SolutionConfigurationPlatforms) = preSolution
		Debug|Any CPU = Debug|Any CPU
		Release|Any CPU = Release|Any CPU
	EndGlobalSection
	GlobalSection(ProjectConfigurationPlatforms) = postSolution
		{ABC103AB-C330-4B45-83B8-1309BC9D5293}.Debug|Any CPU.ActiveCfg = Debug|Any CPU
		{ABC103AB-C330-4B45-83B8-1309BC9D5293}.Debug|Any CPU.Build.0 = Debug|Any CPU
		{ABC103AB-C330-4B45-83B8-1309BC9D5293}.Release|Any CPU.ActiveCfg = Release|Any CPU
		{ABC103AB-C330-4B45-83B8-1309BC9D5293}.Release|Any CPU.Build.0 = Release|Any CPU
	EndGlobalSection
	GlobalSection(SolutionProperties) = preSolution
		HideSolutionNode = FALSE
	EndGlobalSection
	GlobalSection(ExtensibilityGlobals) = postSolution
		SolutionGuid = {3E863846-A6AD-404C-B402-62F86391BC71}
	EndGlobalSection
EndGlobal
